PODS:
  - Capacitor (8.5.2):
    - CapacitorCordova
  - CapacitorApp (8.1.2):
    - Capacitor
  - CapacitorBrowser (8.0.4):
    - Capacitor
  - CapacitorCamera (8.2.4):
    - Capacitor
    - IONCameraLib (~> 2.0.0)
  - CapacitorClipboard (8.0.1):
    - Capacitor
  - CapacitorCordova (8.5.2)
  - CapacitorDevice (8.0.3):
    - Capacitor
  - CapacitorDialog (8.0.1):
    - Capacitor
  - CapacitorFilesystem (8.1.4):
    - Capacitor
    - IONFilesystemLib (~> 2.0.0)
  - CapacitorGeolocation (8.2.2):
    - Capacitor
    - IONGeolocationLib (= 2.1.0)
  - CapacitorHaptics (8.0.2):
    - Capacitor
  - CapacitorKeyboard (8.0.6):
    - Capacitor
  - CapacitorLocalNotifications (8.3.1):
    - Capacitor
  - CapacitorMlkitBarcodeScanning (8.2.1):
    - Capacitor
    - GoogleMLKit/BarcodeScanning (~> 8.0.0)
  - CapacitorNativeSettings (8.2.0):
    - Capacitor
  - CapacitorNetwork (8.0.1):
    - Capacitor
  - CapacitorPushNotifications (8.1.2):
    - Capacitor
  - CapacitorScreenOrientation (8.0.1):
    - Capacitor
  - CapacitorSecureStoragePlugin (0.13.0):
    - Capacitor
    - SwiftKeychainWrapper
  - CapacitorShare (8.0.2):
    - Capacitor
  - CapacitorSplashScreen (8.0.2):
    - Capacitor
  - CapacitorStatusBar (8.0.3):
    - Capacitor
  - CapacitorToast (8.0.1):
    - Capacitor
  - CapacitorVoiceRecorder (7.0.6):
    - Capacitor
  - CapacitorZeroconf (4.0.0):
    - Capacitor
  - CapgoCapacitorNativeBiometric (7.1.13):
    - Capacitor
  - CapgoCapacitorNavigationBar (8.2.10):
    - Capacitor
  - GoogleDataTransport (10.1.1):
    - nanopb (~> 3.30910.0)
    - PromisesObjC (~> 2.4)
  - GoogleMLKit/BarcodeScanning (8.0.0):
    - GoogleMLKit/MLKitCore
    - MLKitBarcodeScanning (~> 7.0.0)
  - GoogleMLKit/MLKitCore (8.0.0):
    - MLKitCommon (~> 13.0.0)
  - GoogleToolboxForMac/Defines (4.2.1)
  - GoogleToolboxForMac/Logger (4.2.1):
    - GoogleToolboxForMac/Defines (= 4.2.1)
  - "GoogleToolboxForMac/NSData+zlib (4.2.1)":
    - GoogleToolboxForMac/Defines (= 4.2.1)
  - GoogleUtilities/Environment (8.1.4):
    - GoogleUtilities/Privacy
  - GoogleUtilities/Logger (8.1.4):
    - GoogleUtilities/Environment
    - GoogleUtilities/Privacy
  - GoogleUtilities/Privacy (8.1.4)
  - GoogleUtilities/UserDefaults (8.1.4):
    - GoogleUtilities/Logger
    - GoogleUtilities/Privacy
  - GTMSessionFetcher/Core (3.5.0)
  - IONCameraLib (2.0.0)
  - IONFilesystemLib (2.0.0)
  - IONGeolocationLib (2.1.0)
  - KSCrash (2.5.1):
    - KSCrash/Installations (= 2.5.1)
  - KSCrash/Core (2.5.1)
  - KSCrash/DemangleFilter (2.5.1):
    - KSCrash/Recording
  - KSCrash/Filters (2.5.1):
    - KSCrash/Recording
    - KSCrash/RecordingCore
    - KSCrash/ReportingCore
  - KSCrash/Installations (2.5.1):
    - KSCrash/DemangleFilter
    - KSCrash/Filters
    - KSCrash/Recording
    - KSCrash/Sinks
  - KSCrash/Recording (2.5.1):
    - KSCrash/RecordingCore
  - KSCrash/RecordingCore (2.5.1):
    - KSCrash/Core
  - KSCrash/ReportingCore (2.5.1):
    - KSCrash/Core
  - KSCrash/Sinks (2.5.1):
    - KSCrash/Filters
    - KSCrash/Recording
  - MLImage (1.0.0-beta7)
  - MLKitBarcodeScanning (7.0.0):
    - MLKitCommon (~> 13.0)
    - MLKitVision (~> 9.0)
  - MLKitCommon (13.0.0):
    - GoogleDataTransport (~> 10.0)
    - GoogleToolboxForMac/Logger (< 5.0, >= 4.2.1)
    - "GoogleToolboxForMac/NSData+zlib (< 5.0, >= 4.2.1)"
    - GoogleUtilities/Logger (~> 8.0)
    - GoogleUtilities/UserDefaults (~> 8.0)
    - GTMSessionFetcher/Core (< 4.0, >= 3.3.2)
  - MLKitVision (9.0.0):
    - GoogleToolboxForMac/Logger (< 5.0, >= 4.2.1)
    - "GoogleToolboxForMac/NSData+zlib (< 5.0, >= 4.2.1)"
    - GTMSessionFetcher/Core (< 4.0, >= 3.3.2)
    - MLImage (= 1.0.0-beta7)
    - MLKitCommon (~> 13.0)
  - nanopb (3.30910.0):
    - nanopb/decode (= 3.30910.0)
    - nanopb/encode (= 3.30910.0)
  - nanopb/decode (3.30910.0)
  - nanopb/encode (3.30910.0)
  - PromisesObjC (2.4.1)
  - SwiftKeychainWrapper (4.0.1)

DEPENDENCIES:
  - "Capacitor (from `../../../node_modules/.pnpm/@capacitor+ios@8.5.2_@capacitor+core@8.5.2/node_modules/@capacitor/ios`)"
  - "CapacitorApp (from `../../../node_modules/.pnpm/@capacitor+app@8.1.2_@capacitor+core@8.5.2/node_modules/@capacitor/app`)"
  - "CapacitorBrowser (from `../../../node_modules/.pnpm/@capacitor+browser@8.0.4_@capacitor+core@8.5.2/node_modules/@capacitor/browser`)"
  - "CapacitorCamera (from `../../../node_modules/.pnpm/@capacitor+camera@8.2.4_@capacitor+core@8.5.2/node_modules/@capacitor/camera`)"
  - "CapacitorClipboard (from `../../../node_modules/.pnpm/@capacitor+clipboard@8.0.1_@capacitor+core@8.5.2/node_modules/@capacitor/clipboard`)"
  - "CapacitorCordova (from `../../../node_modules/.pnpm/@capacitor+ios@8.5.2_@capacitor+core@8.5.2/node_modules/@capacitor/ios`)"
  - "CapacitorDevice (from `../../../node_modules/.pnpm/@capacitor+device@8.0.3_@capacitor+core@8.5.2/node_modules/@capacitor/device`)"
  - "CapacitorDialog (from `../../../node_modules/.pnpm/@capacitor+dialog@8.0.1_@capacitor+core@8.5.2/node_modules/@capacitor/dialog`)"
  - "CapacitorFilesystem (from `../../../node_modules/.pnpm/@capacitor+filesystem@8.1.4_@capacitor+core@8.5.2/node_modules/@capacitor/filesystem`)"
  - "CapacitorGeolocation (from `../../../node_modules/.pnpm/@capacitor+geolocation@8.2.2_@capacitor+core@8.5.2/node_modules/@capacitor/geolocation`)"
  - "CapacitorHaptics (from `../../../node_modules/.pnpm/@capacitor+haptics@8.0.2_@capacitor+core@8.5.2/node_modules/@capacitor/haptics`)"
  - "CapacitorKeyboard (from `../../../node_modules/.pnpm/@capacitor+keyboard@8.0.6_@capacitor+core@8.5.2/node_modules/@capacitor/keyboard`)"
  - "CapacitorLocalNotifications (from `../../../node_modules/.pnpm/@capacitor+local-notifications@8.3.1_@capacitor+core@8.5.2/node_modules/@capacitor/local-notifications`)"
  - "CapacitorMlkitBarcodeScanning (from `../../../node_modules/.pnpm/@capacitor-mlkit+barcode-scanning@8.2.1_@capacitor+core@8.5.2/node_modules/@capacitor-mlkit/barcode-scanning`)"
  - "CapacitorNativeSettings (from `../../../node_modules/.pnpm/capacitor-native-settings@8.2.0_@capacitor+core@8.5.2/node_modules/capacitor-native-settings`)"
  - "CapacitorNetwork (from `../../../node_modules/.pnpm/@capacitor+network@8.0.1_@capacitor+core@8.5.2/node_modules/@capacitor/network`)"
  - "CapacitorPushNotifications (from `../../../node_modules/.pnpm/@capacitor+push-notifications@8.1.2_patch_hash=00d217d65aac2798c675558ccb7e6ecfe1c85053_321a55e524bb7e4c8179d65830b3c855/node_modules/@capacitor/push-notifications`)"
  - "CapacitorScreenOrientation (from `../../../node_modules/.pnpm/@capacitor+screen-orientation@8.0.1_@capacitor+core@8.5.2/node_modules/@capacitor/screen-orientation`)"
  - "CapacitorSecureStoragePlugin (from `../../../node_modules/.pnpm/capacitor-secure-storage-plugin@0.13.0_patch_hash=107761618a151e09b442053f6e7c72f39a0ab_d6242a0209018884186a99f7ad63edd2/node_modules/capacitor-secure-storage-plugin`)"
  - "CapacitorShare (from `../../../node_modules/.pnpm/@capacitor+share@8.0.2_@capacitor+core@8.5.2/node_modules/@capacitor/share`)"
  - "CapacitorSplashScreen (from `../../../node_modules/.pnpm/@capacitor+splash-screen@8.0.2_@capacitor+core@8.5.2/node_modules/@capacitor/splash-screen`)"
  - "CapacitorStatusBar (from `../../../node_modules/.pnpm/@capacitor+status-bar@8.0.3_@capacitor+core@8.5.2/node_modules/@capacitor/status-bar`)"
  - "CapacitorToast (from `../../../node_modules/.pnpm/@capacitor+toast@8.0.1_@capacitor+core@8.5.2/node_modules/@capacitor/toast`)"
  - "CapacitorVoiceRecorder (from `../../../node_modules/.pnpm/capacitor-voice-recorder@7.0.6_@capacitor+core@8.5.2_@capacitor+filesystem@8.1.4_@capacitor+core@8.5.2_/node_modules/capacitor-voice-recorder`)"
  - "CapacitorZeroconf (from `../../../node_modules/.pnpm/capacitor-zeroconf@4.0.0_patch_hash=472276832121f694fe881bbe774aa66e3c4f6adca8189066e0d_302228fe4ee7d40d8584b2ba398e4ea7/node_modules/capacitor-zeroconf`)"
  - "CapgoCapacitorNativeBiometric (from `../../../node_modules/.pnpm/@capgo+capacitor-native-biometric@8.7.0_patch_hash=8aed032e94ffe6e4edf67ccaf6954431b9e5_a41b64d454e82c8558cd64c7d49a2e1d/node_modules/@capgo/capacitor-native-biometric`)"
  - "CapgoCapacitorNavigationBar (from `../../../node_modules/.pnpm/@capgo+capacitor-navigation-bar@8.2.10_@capacitor+core@8.5.2/node_modules/@capgo/capacitor-navigation-bar`)"
  - KSCrash (= 2.5.1)

SPEC REPOS:
  trunk:
    - GoogleDataTransport
    - GoogleMLKit
    - GoogleToolboxForMac
    - GoogleUtilities
    - GTMSessionFetcher
    - IONCameraLib
    - IONFilesystemLib
    - IONGeolocationLib
    - KSCrash
    - MLImage
    - MLKitBarcodeScanning
    - MLKitCommon
    - MLKitVision
    - nanopb
    - PromisesObjC
    - SwiftKeychainWrapper

EXTERNAL SOURCES:
  Capacitor:
    :path: "../../../node_modules/.pnpm/@capacitor+ios@8.5.2_@capacitor+core@8.5.2/node_modules/@capacitor/ios"
  CapacitorApp:
    :path: "../../../node_modules/.pnpm/@capacitor+app@8.1.2_@capacitor+core@8.5.2/node_modules/@capacitor/app"
  CapacitorBrowser:
    :path: "../../../node_modules/.pnpm/@capacitor+browser@8.0.4_@capacitor+core@8.5.2/node_modules/@capacitor/browser"
  CapacitorCamera:
    :path: "../../../node_modules/.pnpm/@capacitor+camera@8.2.4_@capacitor+core@8.5.2/node_modules/@capacitor/camera"
  CapacitorClipboard:
    :path: "../../../node_modules/.pnpm/@capacitor+clipboard@8.0.1_@capacitor+core@8.5.2/node_modules/@capacitor/clipboard"
  CapacitorCordova:
    :path: "../../../node_modules/.pnpm/@capacitor+ios@8.5.2_@capacitor+core@8.5.2/node_modules/@capacitor/ios"
  CapacitorDevice:
    :path: "../../../node_modules/.pnpm/@capacitor+device@8.0.3_@capacitor+core@8.5.2/node_modules/@capacitor/device"
  CapacitorDialog:
    :path: "../../../node_modules/.pnpm/@capacitor+dialog@8.0.1_@capacitor+core@8.5.2/node_modules/@capacitor/dialog"
  CapacitorFilesystem:
    :path: "../../../node_modules/.pnpm/@capacitor+filesystem@8.1.4_@capacitor+core@8.5.2/node_modules/@capacitor/filesystem"
  CapacitorGeolocation:
    :path: "../../../node_modules/.pnpm/@capacitor+geolocation@8.2.2_@capacitor+core@8.5.2/node_modules/@capacitor/geolocation"
  CapacitorHaptics:
    :path: "../../../node_modules/.pnpm/@capacitor+haptics@8.0.2_@capacitor+core@8.5.2/node_modules/@capacitor/haptics"
  CapacitorKeyboard:
    :path: "../../../node_modules/.pnpm/@capacitor+keyboard@8.0.6_@capacitor+core@8.5.2/node_modules/@capacitor/keyboard"
  CapacitorLocalNotifications:
    :path: "../../../node_modules/.pnpm/@capacitor+local-notifications@8.3.1_@capacitor+core@8.5.2/node_modules/@capacitor/local-notifications"
  CapacitorMlkitBarcodeScanning:
    :path: "../../../node_modules/.pnpm/@capacitor-mlkit+barcode-scanning@8.2.1_@capacitor+core@8.5.2/node_modules/@capacitor-mlkit/barcode-scanning"
  CapacitorNativeSettings:
    :path: "../../../node_modules/.pnpm/capacitor-native-settings@8.2.0_@capacitor+core@8.5.2/node_modules/capacitor-native-settings"
  CapacitorNetwork:
    :path: "../../../node_modules/.pnpm/@capacitor+network@8.0.1_@capacitor+core@8.5.2/node_modules/@capacitor/network"
  CapacitorPushNotifications:
    :path: "../../../node_modules/.pnpm/@capacitor+push-notifications@8.1.2_patch_hash=00d217d65aac2798c675558ccb7e6ecfe1c85053_321a55e524bb7e4c8179d65830b3c855/node_modules/@capacitor/push-notifications"
  CapacitorScreenOrientation:
    :path: "../../../node_modules/.pnpm/@capacitor+screen-orientation@8.0.1_@capacitor+core@8.5.2/node_modules/@capacitor/screen-orientation"
  CapacitorSecureStoragePlugin:
    :path: "../../../node_modules/.pnpm/capacitor-secure-storage-plugin@0.13.0_patch_hash=107761618a151e09b442053f6e7c72f39a0ab_d6242a0209018884186a99f7ad63edd2/node_modules/capacitor-secure-storage-plugin"
  CapacitorShare:
    :path: "../../../node_modules/.pnpm/@capacitor+share@8.0.2_@capacitor+core@8.5.2/node_modules/@capacitor/share"
  CapacitorSplashScreen:
    :path: "../../../node_modules/.pnpm/@capacitor+splash-screen@8.0.2_@capacitor+core@8.5.2/node_modules/@capacitor/splash-screen"
  CapacitorStatusBar:
    :path: "../../../node_modules/.pnpm/@capacitor+status-bar@8.0.3_@capacitor+core@8.5.2/node_modules/@capacitor/status-bar"
  CapacitorToast:
    :path: "../../../node_modules/.pnpm/@capacitor+toast@8.0.1_@capacitor+core@8.5.2/node_modules/@capacitor/toast"
  CapacitorVoiceRecorder:
    :path: "../../../node_modules/.pnpm/capacitor-voice-recorder@7.0.6_@capacitor+core@8.5.2_@capacitor+filesystem@8.1.4_@capacitor+core@8.5.2_/node_modules/capacitor-voice-recorder"
  CapacitorZeroconf:
    :path: "../../../node_modules/.pnpm/capacitor-zeroconf@4.0.0_patch_hash=472276832121f694fe881bbe774aa66e3c4f6adca8189066e0d_302228fe4ee7d40d8584b2ba398e4ea7/node_modules/capacitor-zeroconf"
  CapgoCapacitorNativeBiometric:
    :path: "../../../node_modules/.pnpm/@capgo+capacitor-native-biometric@8.7.0_patch_hash=8aed032e94ffe6e4edf67ccaf6954431b9e5_a41b64d454e82c8558cd64c7d49a2e1d/node_modules/@capgo/capacitor-native-biometric"
  CapgoCapacitorNavigationBar:
    :path: "../../../node_modules/.pnpm/@capgo+capacitor-navigation-bar@8.2.10_@capacitor+core@8.5.2/node_modules/@capgo/capacitor-navigation-bar"

SPEC CHECKSUMS:
  Capacitor: 89067779e14fb7ea56af07b4817f45d1f0c2a269
  CapacitorApp: 7b7e43debe505bc61beedb83796aa1368c86078b
  CapacitorBrowser: 752e0208aa07c7aa63d1f7cde895a3e9519b2656
  CapacitorCamera: 4299fe8cf9b2b15e6ad602bce68d063b2008e8be
  CapacitorClipboard: c75fdaa6e622111119f35e7914ecfc67b05efecb
  CapacitorCordova: 5bec5648cbd09a176ce34ce5e7b6cdabb2c8a327
  CapacitorDevice: 708e742b60a61572cd593e44c809592e8f31da14
  CapacitorDialog: 854c5dac405081cae697c177ca43bcaa95ae67bf
  CapacitorFilesystem: 17ee1862a45ef2e5012311a87e18de1d45a6811b
  CapacitorGeolocation: 327f18983c8f8a55e191fcf7dee80b9294f1ab78
  CapacitorHaptics: 296f771ecd89c7a1bd92a7b6826a7d268e2e70f5
  CapacitorKeyboard: f9e85e685082e9f63404de15db4a4291448b0912
  CapacitorLocalNotifications: e0747a329ddde3074d52dc74a003688af90e42be
  CapacitorMlkitBarcodeScanning: 1070a9d56dd84c08a7354d12354293daeee28100
  CapacitorNativeSettings: 3f12e9700e0a10cb5d0e22aec00de29d72589a12
  CapacitorNetwork: 8812ce60d11fb63d8f2e4ba51a49b2e59892ebe2
  CapacitorPushNotifications: 32a7f840815f319fd9ba1c1c9b0b914be9d95237
  CapacitorScreenOrientation: 6c3c84223ea1dd44aaa7184e2b416dd1192270d0
  CapacitorSecureStoragePlugin: d083ff28d9ba5bc74924b9bcf9754ea605016b63
  CapacitorShare: 2fde721d06a6f83ff5c7578e6a91b190d341ac6a
  CapacitorSplashScreen: 7bf61c2001557ff9e195e601c6b87344480d3c65
  CapacitorStatusBar: eca7bc2b58d9f886f1ef9edb66e57a9b29c121af
  CapacitorToast: 408036fbd702120d3adde3980b740f3c0fb60c9e
  CapacitorVoiceRecorder: 9158861be982f32d411769723a4d813d6ce46135
  CapacitorZeroconf: 32e19c259908ca1b97af27aeff25c26b8e948021
  CapgoCapacitorNativeBiometric: c9a116d9516b3f52dd335aea6a0c5073be36fe5a
  CapgoCapacitorNavigationBar: 2409359fb73e15ce6d1f7c7340a44fe1648ef881
  GoogleDataTransport: a24e58982ab3ba2f64d79613e027fe7f57e88539
  GoogleMLKit: ddd51d7dff36ff28defa69afedd9cdce684fd857
  GoogleToolboxForMac: d1a2cbf009c453f4d6ded37c105e2f67a32206d8
  GoogleUtilities: db34c1c11c6f2eccb6fab2340cb8ceb1451299dc
  GTMSessionFetcher: 5aea5ba6bd522a239e236100971f10cb71b96ab6
  IONCameraLib: 729cae576e1a952602ce750a9790b6dc7d7e2e95
  IONFilesystemLib: 0a001124dedc317c03032d138aaefbf4c18adb09
  IONGeolocationLib: 6a7b6f76063fb1b01cfb14fae7d0f526e3c9b271
  KSCrash: 8c4464fd5da7de520f2ce4a00fdf63f169a80f18
  MLImage: 2ab9c968e75f57911c16f4c9d9e8a8e9604a86a1
  MLKitBarcodeScanning: 72c6437f13a900833b400136be53a8a5d86f42fa
  MLKitCommon: 26b779f072a182c1603d4c88a101c350cac837b1
  MLKitVision: fa8dea9012ac59497c79ddbe9ebf32051047ac4c
  nanopb: fad817b59e0457d11a5dfbde799381cd727c1275
  PromisesObjC: 752c3227f599e3467650e47ea36f433eeb10c273
  SwiftKeychainWrapper: 807ba1d63c33a7d0613288512399cd1eda1e470c

PODFILE CHECKSUM: 3968a6e57b3eb9700839f3de355a5ea3c17e94ed

COCOAPODS: 1.16.2
